
Microsoft Visual Studio Solution File, Format Version 12.00
# Visual Studio Version 16
VisualStudioVersion = 16.0.31229.75
MinimumVisualStudioVersion = 10.0.40219.1
Project("{FAE04EC0-301F-11D3-BF4B-00C04F79EFBC}") = "Assignment1", "Assignment1\Assignment1.csproj", "{C2D6731B-10A3-4AAD-A3A4-0CF3201C9AB9}"
EndProject
Global
	GlobalSection(SolutionConfigurationPlatforms) = preSolution
		Debug|Any CPU = Debug|Any CPU
		Release|Any CPU = Release|Any CPU
	EndGlobalSection
	GlobalSection(ProjectConfigurationPlatforms) = postSolution
		{C2D6731B-10A3-4AAD-A3A4-0CF3201C9AB9}.Debug|Any CPU.ActiveCfg = Debug|Any CPU
		{C2D6731B-10A3-4AAD-A3A4-0CF3201C9AB9}.Debug|Any CPU.Build.0 = Debug|Any CPU
		{C2D6731B-10A3-4AAD-A3A4-0CF3201C9AB9}.Release|Any CPU.ActiveCfg = Release|Any CPU
		{C2D6731B-10A3-4AAD-A3A4-0CF3201C9AB9}.Release|Any CPU.Build.0 = Release|Any CPU
	EndGlobalSection
	GlobalSection(SolutionProperties) = preSolution
		HideSolutionNode = FALSE
	EndGlobalSection
	GlobalSection(ExtensibilityGlobals) = postSolution
		SolutionGuid = {5A1EDCB4-02FA-45CA-9D9B-EB3C58F78CC6}
	EndGlobalSection
EndGlobal
